// !$*UTF8*$!
{
	archiveVersion = 1;
	classes = {
	};
	objectVersion = 50;
	objects = {

/* Begin PBXBuildFile section */
		48FD40345F97B58E198E417E /* Pods_instagramm.framework in Frameworks */ = {isa = PBXBuildFile; fileRef = 5285CE18C09CBDB6478B7E88 /* Pods_instagramm.framework */; };
		BFCC1F102766EF2F00EB84F9 /* instagrammApp.swift in Sources */ = {isa = PBXBuildFile; fileRef = BFCC1F0F2766EF2F00EB84F9 /* instagrammApp.swift */; };
		BFCC1F142766EF3100EB84F9 /* Assets.xcassets in Resources */ = {isa = PBXBuildFile; fileRef = BFCC1F132766EF3100EB84F9 /* Assets.xcassets */; };
		BFCC1F172766EF3100EB84F9 /* Preview Assets.xcassets in Resources */ = {isa = PBXBuildFile; fileRef = BFCC1F162766EF3100EB84F9 /* Preview Assets.xcassets */; };
		BFCC1F482766EFA200EB84F9 /* Common.swift in Sources */ = {isa = PBXBuildFile; fileRef = BFCC1F412766EFA200EB84F9 /* Common.swift */; };
		BFCC1F492766EFA200EB84F9 /* Controller.swift in Sources */ = {isa = PBXBuildFile; fileRef = BFCC1F432766EFA200EB84F9 /* Controller.swift */; };
		BFCC1F4A2766EFA200EB84F9 /* Home.swift in Sources */ = {isa = PBXBuildFile; fileRef = BFCC1F452766EFA200EB84F9 /* Home.swift */; };
		BFCC1F4B2766EFA200EB84F9 /* SignUp.swift in Sources */ = {isa = PBXBuildFile; fileRef = BFCC1F462766EFA200EB84F9 /* SignUp.swift */; };
		BFCC1F4C2766EFA200EB84F9 /* LoginScreen.swift in Sources */ = {isa = PBXBuildFile; fileRef = BFCC1F472766EFA200EB84F9 /* LoginScreen.swift */; };
		BFCC1F542766F76300EB84F9 /* CircleImage.swift in Sources */ = {isa = PBXBuildFile; fileRef = BFCC1F532766F76300EB84F9 /* CircleImage.swift */; };
		BFCC1F5C2766F76C00EB84F9 /* MapView.swift in Sources */ = {isa = PBXBuildFile; fileRef = BFCC1F5B2766F76C00EB84F9 /* MapView.swift */; };
		BFCC1F612766F7B100EB84F9 /* HomeView.swift in Sources */ = {isa = PBXBuildFile; fileRef = BFCC1F602766F7B100EB84F9 /* HomeView.swift */; };
/* End PBXBuildFile section */

/* Begin PBXFileReference section */
		5285CE18C09CBDB6478B7E88 /* Pods_instagramm.framework */ = {isa = PBXFileReference; explicitFileType = wrapper.framework; includeInIndex = 0; path = Pods_instagramm.framework; sourceTree = BUILT_PRODUCTS_DIR; };
		59245911FD18D5E293FFD4AB /* Pods_instagramm_instagrammUITests.framework */ = {isa = PBXFileReference; explicitFileType = wrapper.framework; includeInIndex = 0; path = Pods_instagramm_instagrammUITests.framework; sourceTree = BUILT_PRODUCTS_DIR; };
		841BCA21248D43681F6C16FF /* Pods-instagrammTests.debug.xcconfig */ = {isa = PBXFileReference; includeInIndex = 1; lastKnownFileType = text.xcconfig; name = "Pods-instagrammTests.debug.xcconfig"; path = "Target Support Files/Pods-instagrammTests/Pods-instagrammTests.debug.xcconfig"; sourceTree = "<group>"; };
		98718004F6ACF82594130FB5 /* Pods-instagrammTests.release.xcconfig */ = {isa = PBXFileReference; includeInIndex = 1; lastKnownFileType = text.xcconfig; name = "Pods-instagrammTests.release.xcconfig"; path = "Target Support Files/Pods-instagrammTests/Pods-instagrammTests.release.xcconfig"; sourceTree = "<group>"; };
		BC534C1C2916F9C6FE479D77 /* Pods-instagramm-instagrammUITests.release.xcconfig */ = {isa = PBXFileReference; includeInIndex = 1; lastKnownFileType = text.xcconfig; name = "Pods-instagramm-instagrammUITests.release.xcconfig"; path = "Target Support Files/Pods-instagramm-instagrammUITests/Pods-instagramm-instagrammUITests.release.xcconfig"; sourceTree = "<group>"; };
		BFCC1F0C2766EF2F00EB84F9 /* instagramm.app */ = {isa = PBXFileReference; explicitFileType = wrapper.application; includeInIndex = 0; path = instagramm.app; sourceTree = BUILT_PRODUCTS_DIR; };
		BFCC1F0F2766EF2F00EB84F9 /* instagrammApp.swift */ = {isa = PBXFileReference; lastKnownFileType = sourcecode.swift; path = instagrammApp.swift; sourceTree = "<group>"; };
		BFCC1F132766EF3100EB84F9 /* Assets.xcassets */ = {isa = PBXFileReference; lastKnownFileType = folder.assetcatalog; path = Assets.xcassets; sourceTree = "<group>"; };
		BFCC1F162766EF3100EB84F9 /* Preview Assets.xcassets */ = {isa = PBXFileReference; lastKnownFileType = folder.assetcatalog; path = "Preview Assets.xcassets"; sourceTree = "<group>"; };
		BFCC1F182766EF3100EB84F9 /* Info.plist */ = {isa = PBXFileReference; lastKnownFileType = text.plist.xml; path = Info.plist; sourceTree = "<group>"; };
		BFCC1F412766EFA200EB84F9 /* Common.swift */ = {isa = PBXFileReference; fileEncoding = 4; lastKnownFileType = sourcecode.swift; path = Common.swift; sourceTree = "<group>"; };
		BFCC1F432766EFA200EB84F9 /* Controller.swift */ = {isa = PBXFileReference; fileEncoding = 4; lastKnownFileType = sourcecode.swift; path = Controller.swift; sourceTree = "<group>"; };
		BFCC1F452766EFA200EB84F9 /* Home.swift */ = {isa = PBXFileReference; fileEncoding = 4; lastKnownFileType = sourcecode.swift; path = Home.swift; sourceTree = "<group>"; };
		BFCC1F462766EFA200EB84F9 /* SignUp.swift */ = {isa = PBXFileReference; fileEncoding = 4; lastKnownFileType = sourcecode.swift; path = SignUp.swift; sourceTree = "<group>"; };
		BFCC1F472766EFA200EB84F9 /* LoginScreen.swift */ = {isa = PBXFileReference; fileEncoding = 4; lastKnownFileType = sourcecode.swift; path = LoginScreen.swift; sourceTree = "<group>"; };
		BFCC1F532766F76300EB84F9 /* CircleImage.swift */ = {isa = PBXFileReference; fileEncoding = 4; lastKnownFileType = sourcecode.swift; path = CircleImage.swift; sourceTree = "<group>"; };
		BFCC1F5B2766F76C00EB84F9 /* MapView.swift */ = {isa = PBXFileReference; fileEncoding = 4; lastKnownFileType = sourcecode.swift; path = MapView.swift; sourceTree = "<group>"; };
		BFCC1F602766F7B100EB84F9 /* HomeView.swift */ = {isa = PBXFileReference; fileEncoding = 4; lastKnownFileType = sourcecode.swift; path = HomeView.swift; sourceTree = "<group>"; };
		C21289978235CFCE15DCECA7 /* Pods-instagramm-instagrammUITests.debug.xcconfig */ = {isa = PBXFileReference; includeInIndex = 1; lastKnownFileType = text.xcconfig; name = "Pods-instagramm-instagrammUITests.debug.xcconfig"; path = "Target Support Files/Pods-instagramm-instagrammUITests/Pods-instagramm-instagrammUITests.debug.xcconfig"; sourceTree = "<group>"; };
		CD5B004197ABDB347AAC89E1 /* Pods_instagrammTests.framework */ = {isa = PBXFileReference; explicitFileType = wrapper.framework; includeInIndex = 0; path = Pods_instagrammTests.framework; sourceTree = BUILT_PRODUCTS_DIR; };
		EED98509833A0D865954C832 /* Pods-instagramm.debug.xcconfig */ = {isa = PBXFileReference; includeInIndex = 1; lastKnownFileType = text.xcconfig; name = "Pods-instagramm.debug.xcconfig"; path = "Target Support Files/Pods-instagramm/Pods-instagramm.debug.xcconfig"; sourceTree = "<group>"; };
		FE4297408AD3EECB64C43AA6 /* Pods-instagramm.release.xcconfig */ = {isa = PBXFileReference; includeInIndex = 1; lastKnownFileType = text.xcconfig; name = "Pods-instagramm.release.xcconfig"; path = "Target Support Files/Pods-instagramm/Pods-instagramm.release.xcconfig"; sourceTree = "<group>"; };
/* End PBXFileReference section */

/* Begin PBXFrameworksBuildPhase section */
		BFCC1F092766EF2F00EB84F9 /* Frameworks */ = {
			isa = PBXFrameworksBuildPhase;
			buildActionMask = 2147483647;
			files = (
				48FD40345F97B58E198E417E /* Pods_instagramm.framework in Frameworks */,
			);
			runOnlyForDeploymentPostprocessing = 0;
		};
/* End PBXFrameworksBuildPhase section */

/* Begin PBXGroup section */
		BFCC1F032766EF2F00EB84F9 = {
			isa = PBXGroup;
			children = (
				BFCC1F0E2766EF2F00EB84F9 /* instagramm */,
				BFCC1F0D2766EF2F00EB84F9 /* Products */,
				CA3369EB2014F5F03796EAF9 /* Pods */,
				FC8DEC0F3A7DA275F6E1178F /* Frameworks */,
			);
			sourceTree = "<group>";
		};
		BFCC1F0D2766EF2F00EB84F9 /* Products */ = {
			isa = PBXGroup;
			children = (
				BFCC1F0C2766EF2F00EB84F9 /* instagramm.app */,
			);
			name = Products;
			sourceTree = "<group>";
		};
		BFCC1F0E2766EF2F00EB84F9 /* instagramm */ = {
			isa = PBXGroup;
			children = (
				BFCC1F402766EFA200EB84F9 /* Common */,
				BFCC1F422766EFA200EB84F9 /* Controller */,
				BFCC1F442766EFA200EB84F9 /* View */,
				BFCC1F0F2766EF2F00EB84F9 /* instagrammApp.swift */,
				BFCC1F132766EF3100EB84F9 /* Assets.xcassets */,
				BFCC1F182766EF3100EB84F9 /* Info.plist */,
				BFCC1F152766EF3100EB84F9 /* Preview Content */,
			);
			path = instagramm;
			sourceTree = "<group>";
		};
		BFCC1F152766EF3100EB84F9 /* Preview Content */ = {
			isa = PBXGroup;
			children = (
				BFCC1F162766EF3100EB84F9 /* Preview Assets.xcassets */,
			);
			path = "Preview Content";
			sourceTree = "<group>";
		};
		BFCC1F402766EFA200EB84F9 /* Common */ = {
			isa = PBXGroup;
			children = (
				BFCC1F532766F76300EB84F9 /* CircleImage.swift */,
				BFCC1F5B2766F76C00EB84F9 /* MapView.swift */,
				BFCC1F412766EFA200EB84F9 /* Common.swift */,
			);
			path = Common;
			sourceTree = "<group>";
		};
		BFCC1F422766EFA200EB84F9 /* Controller */ = {
			isa = PBXGroup;
			children = (
				BFCC1F432766EFA200EB84F9 /* Controller.swift */,
			);
			path = Controller;
			sourceTree = "<group>";
		};
		BFCC1F442766EFA200EB84F9 /* View */ = {
			isa = PBXGroup;
			children = (
				BFCC1F602766F7B100EB84F9 /* HomeView.swift */,
				BFCC1F452766EFA200EB84F9 /* Home.swift */,
				BFCC1F462766EFA200EB84F9 /* SignUp.swift */,
				BFCC1F472766EFA200EB84F9 /* LoginScreen.swift */,
			);
			path = View;
			sourceTree = "<group>";
		};
		CA3369EB2014F5F03796EAF9 /* Pods */ = {
			isa = PBXGroup;
			children = (
				EED98509833A0D865954C832 /* Pods-instagramm.debug.xcconfig */,
				FE4297408AD3EECB64C43AA6 /* Pods-instagramm.release.xcconfig */,
				C21289978235CFCE15DCECA7 /* Pods-instagramm-instagrammUITests.debug.xcconfig */,
				BC534C1C2916F9C6FE479D77 /* Pods-instagramm-instagrammUITests.release.xcconfig */,
				841BCA21248D43681F6C16FF /* Pods-instagrammTests.debug.xcconfig */,
				98718004F6ACF82594130FB5 /* Pods-instagrammTests.release.xcconfig */,
			);
			path = Pods;
			sourceTree = "<group>";
		};
		FC8DEC0F3A7DA275F6E1178F /* Frameworks */ = {
			isa = PBXGroup;
			children = (
				5285CE18C09CBDB6478B7E88 /* Pods_instagramm.framework */,
				59245911FD18D5E293FFD4AB /* Pods_instagramm_instagrammUITests.framework */,
				CD5B004197ABDB347AAC89E1 /* Pods_instagrammTests.framework */,
			);
			name = Frameworks;
			sourceTree = "<group>";
		};
/* End PBXGroup section */

/* Begin PBXNativeTarget section */
		BFCC1F0B2766EF2F00EB84F9 /* instagramm */ = {
			isa = PBXNativeTarget;
			buildConfigurationList = BFCC1F312766EF3200EB84F9 /* Build configuration list for PBXNativeTarget "instagramm" */;
			buildPhases = (
				07C9F559A82533B1FCAF7EDD /* [CP] Check Pods Manifest.lock */,
				BFCC1F082766EF2F00EB84F9 /* Sources */,
				BFCC1F092766EF2F00EB84F9 /* Frameworks */,
				BFCC1F0A2766EF2F00EB84F9 /* Resources */,
			);
			buildRules = (
			);
			dependencies = (
			);
			name = instagramm;
			productName = instagramm;
			productReference = BFCC1F0C2766EF2F00EB84F9 /* instagramm.app */;
			productType = "com.apple.product-type.application";
		};
/* End PBXNativeTarget section */

/* Begin PBXProject section */
		BFCC1F042766EF2F00EB84F9 /* Project object */ = {
			isa = PBXProject;
			attributes = {
				LastSwiftUpdateCheck = 1240;
				LastUpgradeCheck = 1240;
				TargetAttributes = {
					BFCC1F0B2766EF2F00EB84F9 = {
						CreatedOnToolsVersion = 12.4;
					};
				};
			};
			buildConfigurationList = BFCC1F072766EF2F00EB84F9 /* Build configuration list for PBXProject "instagramm" */;
			compatibilityVersion = "Xcode 9.3";
			developmentRegion = en;
			hasScannedForEncodings = 0;
			knownRegions = (
				en,
				Base,
			);
			mainGroup = BFCC1F032766EF2F00EB84F9;
			productRefGroup = BFCC1F0D2766EF2F00EB84F9 /* Products */;
			projectDirPath = "";
			projectRoot = "";
			targets = (
				BFCC1F0B2766EF2F00EB84F9 /* instagramm */,
			);
		};
/* End PBXProject section */

/* Begin PBXResourcesBuildPhase section */
		BFCC1F0A2766EF2F00EB84F9 /* Resources */ = {
			isa = PBXResourcesBuildPhase;
			buildActionMask = 2147483647;
			files = (
				BFCC1F172766EF3100EB84F9 /* Preview Assets.xcassets in Resources */,
				BFCC1F142766EF3100EB84F9 /* Assets.xcassets in Resources */,
			);
			runOnlyForDeploymentPostprocessing = 0;
		};
/* End PBXResourcesBuildPhase section */

/* Begin PBXShellScriptBuildPhase section */
		07C9F559A82533B1FCAF7EDD /* [CP] Check Pods Manifest.lock */ = {
			isa = PBXShellScriptBuildPhase;
			buildActionMask = 2147483647;
			files = (
			);
			inputFileListPaths = (
			);
			inputPaths = (
				"${PODS_PODFILE_DIR_PATH}/Podfile.lock",
				"${PODS_ROOT}/Manifest.lock",
			);
			name = "[CP] Check Pods Manifest.lock";
			outputFileListPaths = (
			);
			outputPaths = (
				"$(DERIVED_FILE_DIR)/Pods-instagramm-checkManifestLockResult.txt",
			);
			runOnlyForDeploymentPostprocessing = 0;
			shellPath = /bin/sh;
			shellScript = "diff \"${PODS_PODFILE_DIR_PATH}/Podfile.lock\" \"${PODS_ROOT}/Manifest.lock\" > /dev/null\nif [ $? != 0 ] ; then\n    # print error to STDERR\n    echo \"error: The sandbox is not in sync with the Podfile.lock. Run 'pod install' or update your CocoaPods installation.\" >&2\n    exit 1\nfi\n# This output is used by Xcode 'outputs' to avoid re-running this script phase.\necho \"SUCCESS\" > \"${SCRIPT_OUTPUT_FILE_0}\"\n";
			showEnvVarsInLog = 0;
		};
/* End PBXShellScriptBuildPhase section */

/* Begin PBXSourcesBuildPhase section */
		BFCC1F082766EF2F00EB84F9 /* Sources */ = {
			isa = PBXSourcesBuildPhase;
			buildActionMask = 2147483647;
			files = (
				BFCC1F492766EFA200EB84F9 /* Controller.swift in Sources */,
				BFCC1F5C2766F76C00EB84F9 /* MapView.swift in Sources */,
				BFCC1F482766EFA200EB84F9 /* Common.swift in Sources */,
				BFCC1F4A2766EFA200EB84F9 /* Home.swift in Sources */,
				BFCC1F542766F76300EB84F9 /* CircleImage.swift in Sources */,
				BFCC1F612766F7B100EB84F9 /* HomeView.swift in Sources */,
				BFCC1F102766EF2F00EB84F9 /* instagrammApp.swift in Sources */,
				BFCC1F4B2766EFA200EB84F9 /* SignUp.swift in Sources */,
				BFCC1F4C2766EFA200EB84F9 /* LoginScreen.swift in Sources */,
			);
			runOnlyForDeploymentPostprocessing = 0;
		};
/* End PBXSourcesBuildPhase section */

/* Begin XCBuildConfiguration section */
		BFCC1F2F2766EF3200EB84F9 /* Debug */ = {
			isa = XCBuildConfiguration;
			buildSettings = {
				ALWAYS_SEARCH_USER_PATHS = NO;
				CLANG_ANALYZER_NONNULL = YES;
				CLANG_ANALYZER_NUMBER_OBJECT_CONVERSION = YES_AGGRESSIVE;
				CLANG_CXX_LANGUAGE_STANDARD = "gnu++14";
				CLANG_CXX_LIBRARY = "libc++";
				CLANG_ENABLE_MODULES = YES;
				CLANG_ENABLE_OBJC_ARC = YES;
				CLANG_ENABLE_OBJC_WEAK = YES;
				CLANG_WARN_BLOCK_CAPTURE_AUTORELEASING = YES;
				CLANG_WARN_BOOL_CONVERSION = YES;
				CLANG_WARN_COMMA = YES;
				CLANG_WARN_CONSTANT_CONVERSION = YES;
				CLANG_WARN_DEPRECATED_OBJC_IMPLEMENTATIONS = YES;
				CLANG_WARN_DIRECT_OBJC_ISA_USAGE = YES_ERROR;
				CLANG_WARN_DOCUMENTATION_COMMENTS = YES;
				CLANG_WARN_EMPTY_BODY = YES;
				CLANG_WARN_ENUM_CONVERSION = YES;
				CLANG_WARN_INFINITE_RECURSION = YES;
				CLANG_WARN_INT_CONVERSION = YES;
				CLANG_WARN_NON_LITERAL_NULL_CONVERSION = YES;
				CLANG_WARN_OBJC_IMPLICIT_RETAIN_SELF = YES;
				CLANG_WARN_OBJC_LITERAL_CONVERSION = YES;
				CLANG_WARN_OBJC_ROOT_CLASS = YES_ERROR;
				CLANG_WARN_QUOTED_INCLUDE_IN_FRAMEWORK_HEADER = YES;
				CLANG_WARN_RANGE_LOOP_ANALYSIS = YES;
				CLANG_WARN_STRICT_PROTOTYPES = YES;
				CLANG_WARN_SUSPICIOUS_MOVE = YES;
				CLANG_WARN_UNGUARDED_AVAILABILITY = YES_AGGRESSIVE;
				CLANG_WARN_UNREACHABLE_CODE = YES;
				CLANG_WARN__DUPLICATE_METHOD_MATCH = YES;
				COPY_PHASE_STRIP = NO;
				DEBUG_INFORMATION_FORMAT = dwarf;
				ENABLE_STRICT_OBJC_MSGSEND = YES;
				ENABLE_TESTABILITY = YES;
				GCC_C_LANGUAGE_STANDARD = gnu11;
				GCC_DYNAMIC_NO_PIC = NO;
				GCC_NO_COMMON_BLOCKS = YES;
				GCC_OPTIMIZATION_LEVEL = 0;
				GCC_PREPROCESSOR_DEFINITIONS = (
					"DEBUG=1",
					"$(inherited)",
				);
				GCC_WARN_64_TO_32_BIT_CONVERSION = YES;
				GCC_WARN_ABOUT_RETURN_TYPE = YES_ERROR;
				GCC_WARN_UNDECLARED_SELECTOR = YES;
				GCC_WARN_UNINITIALIZED_AUTOS = YES_AGGRESSIVE;
				GCC_WARN_UNUSED_FUNCTION = YES;
				GCC_WARN_UNUSED_VARIABLE = YES;
				IPHONEOS_DEPLOYMENT_TARGET = 14.4;
				MTL_ENABLE_DEBUG_INFO = INCLUDE_SOURCE;
				MTL_FAST_MATH = YES;
				ONLY_ACTIVE_ARCH = YES;
				SDKROOT = iphoneos;
				SWIFT_ACTIVE_COMPILATION_CONDITIONS = DEBUG;
				SWIFT_OPTIMIZATION_LEVEL = "-Onone";
			};
			name = Debug;
		};
		BFCC1F302766EF3200EB84F9 /* Release */ = {
			isa = XCBuildConfiguration;
			buildSettings = {
				ALWAYS_SEARCH_USER_PATHS = NO;
				CLANG_ANALYZER_NONNULL = YES;
				CLANG_ANALYZER_NUMBER_OBJECT_CONVERSION = YES_AGGRESSIVE;
				CLANG_CXX_LANGUAGE_STANDARD = "gnu++14";
				CLANG_CXX_LIBRARY = "libc++";
				CLANG_ENABLE_MODULES = YES;
				CLANG_ENABLE_OBJC_ARC = YES;
				CLANG_ENABLE_OBJC_WEAK = YES;
				CLANG_WARN_BLOCK_CAPTURE_AUTORELEASING = YES;
				CLANG_WARN_BOOL_CONVERSION = YES;
				CLANG_WARN_COMMA = YES;
				CLANG_WARN_CONSTANT_CONVERSION = YES;
				CLANG_WARN_DEPRECATED_OBJC_IMPLEMENTATIONS = YES;
				CLANG_WARN_DIRECT_OBJC_ISA_USAGE = YES_ERROR;
				CLANG_WARN_DOCUMENTATION_COMMENTS = YES;
				CLANG_WARN_EMPTY_BODY = YES;
				CLANG_WARN_ENUM_CONVERSION = YES;
				CLANG_WARN_INFINITE_RECURSION = YES;
				CLANG_WARN_INT_CONVERSION = YES;
				CLANG_WARN_NON_LITERAL_NULL_CONVERSION = YES;
				CLANG_WARN_OBJC_IMPLICIT_RETAIN_SELF = YES;
				CLANG_WARN_OBJC_LITERAL_CONVERSION = YES;
				CLANG_WARN_OBJC_ROOT_CLASS = YES_ERROR;
				CLANG_WARN_QUOTED_INCLUDE_IN_FRAMEWORK_HEADER = YES;
				CLANG_WARN_RANGE_LOOP_ANALYSIS = YES;
				CLANG_WARN_STRICT_PROTOTYPES = YES;
				CLANG_WARN_SUSPICIOUS_MOVE = YES;
				CLANG_WARN_UNGUARDED_AVAILABILITY = YES_AGGRESSIVE;
				CLANG_WARN_UNREACHABLE_CODE = YES;
				CLANG_WARN__DUPLICATE_METHOD_MATCH = YES;
				COPY_PHASE_STRIP = NO;
				DEBUG_INFORMATION_FORMAT = "dwarf-with-dsym";
				ENABLE_NS_ASSERTIONS = NO;
				ENABLE_STRICT_OBJC_MSGSEND = YES;
				GCC_C_LANGUAGE_STANDARD = gnu11;
				GCC_NO_COMMON_BLOCKS = YES;
				GCC_WARN_64_TO_32_BIT_CONVERSION = YES;
				GCC_WARN_ABOUT_RETURN_TYPE = YES_ERROR;
				GCC_WARN_UNDECLARED_SELECTOR = YES;
				GCC_WARN_UNINITIALIZED_AUTOS = YES_AGGRESSIVE;
				GCC_WARN_UNUSED_FUNCTION = YES;
				GCC_WARN_UNUSED_VARIABLE = YES;
				IPHONEOS_DEPLOYMENT_TARGET = 14.4;
				MTL_ENABLE_DEBUG_INFO = NO;
				MTL_FAST_MATH = YES;
				SDKROOT = iphoneos;
				SWIFT_COMPILATION_MODE = wholemodule;
				SWIFT_OPTIMIZATION_LEVEL = "-O";
				VALIDATE_PRODUCT = YES;
			};
			name = Release;
		};
		BFCC1F322766EF3200EB84F9 /* Debug */ = {
			isa = XCBuildConfiguration;
			baseConfigurationReference = EED98509833A0D865954C832 /* Pods-instagramm.debug.xcconfig */;
			buildSettings = {
				ASSETCATALOG_COMPILER_APPICON_NAME = AppIcon;
				ASSETCATALOG_COMPILER_GLOBAL_ACCENT_COLOR_NAME = AccentColor;
				CODE_SIGN_STYLE = Automatic;
				DEVELOPMENT_ASSET_PATHS = "\"instagramm/Preview Content\"";
				ENABLE_PREVIEWS = YES;
				INFOPLIST_FILE = instagramm/Info.plist;
				IPHONEOS_DEPLOYMENT_TARGET = 14.0;
				LD_RUNPATH_SEARCH_PATHS = (
					"$(inherited)",
					"@executable_path/Frameworks",
				);
				PRODUCT_BUNDLE_IDENTIFIER = com.tupa1..instagramm;
				PRODUCT_NAME = "$(TARGET_NAME)";
				SWIFT_VERSION = 5.0;
				TARGETED_DEVICE_FAMILY = "1,2";
			};
			name = Debug;
		};
		BFCC1F332766EF3200EB84F9 /* Release */ = {
			isa = XCBuildConfiguration;
			baseConfigurationReference = FE4297408AD3EECB64C43AA6 /* Pods-instagramm.release.xcconfig */;
			buildSettings = {
				ASSETCATALOG_COMPILER_APPICON_NAME = AppIcon;
				ASSETCATALOG_COMPILER_GLOBAL_ACCENT_COLOR_NAME = AccentColor;
				CODE_SIGN_STYLE = Automatic;
				DEVELOPMENT_ASSET_PATHS = "\"instagramm/Preview Content\"";
				ENABLE_PREVIEWS = YES;
				INFOPLIST_FILE = instagramm/Info.plist;
				IPHONEOS_DEPLOYMENT_TARGET = 14.0;
				LD_RUNPATH_SEARCH_PATHS = (
					"$(inherited)",
					"@executable_path/Frameworks",
				);
				PRODUCT_BUNDLE_IDENTIFIER = com.tupa1..instagramm;
				PRODUCT_NAME = "$(TARGET_NAME)";
				SWIFT_VERSION = 5.0;
				TARGETED_DEVICE_FAMILY = "1,2";
			};
			name = Release;
		};
/* End XCBuildConfiguration section */

/* Begin XCConfigurationList section */
		BFCC1F072766EF2F00EB84F9 /* Build configuration list for PBXProject "instagramm" */ = {
			isa = XCConfigurationList;
			buildConfigurations = (
				BFCC1F2F2766EF3200EB84F9 /* Debug */,
				BFCC1F302766EF3200EB84F9 /* Release */,
			);
			defaultConfigurationIsVisible = 0;
			defaultConfigurationName = Release;
		};
		BFCC1F312766EF3200EB84F9 /* Build configuration list for PBXNativeTarget "instagramm" */ = {
			isa = XCConfigurationList;
			buildConfigurations = (
				BFCC1F322766EF3200EB84F9 /* Debug */,
				BFCC1F332766EF3200EB84F9 /* Release */,
			);
			defaultConfigurationIsVisible = 0;
			defaultConfigurationName = Release;
		};
/* End XCConfigurationList section */
	};
	rootObject = BFCC1F042766EF2F00EB84F9 /* Project object */;
}
